{
  "name": "@uon/engine",
  "version": "0.1.0",
  "lockfileVersion": 1,
  "requires": true,
  "dependencies": {
    "@types/reflect-metadata": {
      "version": "0.0.5",
      "resolved": "https://registry.npmjs.org/@types/reflect-metadata/-/reflect-metadata-0.0.5.tgz",
      "integrity": "sha1-nAQr+pgD1Xeq1PV9+8pLfK5Chv4=",
      "dev": true
    },
    "@types/webgl2": {
      "version": "0.0.3",
      "resolved": "https://registry.npmjs.org/@types/webgl2/-/webgl2-0.0.3.tgz",
      "integrity": "sha512-YyUXIQB+WtJoh8JhA+za03IruxqV70bdhUtbnPeUJpxl1b0v6UobkdXiJ/F9JWtf1AExGAx98J02AMDT/CHjJg==",
      "dev": true
    },
    "@uon/core": {
      "version": "0.1.1",
      "resolved": "https://registry.npmjs.org/@uon/core/-/core-0.1.1.tgz",
      "integrity": "sha512-2ZRSXdQb5yQYxvan78QPHHMEYfglUevuYOxxiG9Snikzv0VRt6dbIhVkCirWf2app8B/JVtb1oVrVoq3N0hU3g==",
      "requires": {
        "reflect-metadata": "^0.1.10"
      }
    },
    "@uon/math": {
      "version": "0.3.0",
      "resolved": "https://registry.npmjs.org/@uon/math/-/math-0.3.0.tgz",
      "integrity": "sha512-sqStKptDDLbOmArJ35DRHTza9Lt1qnL/g7SJpeAH3ljXAcWa161DeKdWiI4oSYg95dEGxwWgOu0DHKqE2Qpr+A=="
    },
    "reflect-metadata": {
      "version": "0.1.12",
      "resolved": "https://registry.npmjs.org/reflect-metadata/-/reflect-metadata-0.1.12.tgz",
      "integrity": "sha512-n+IyV+nGz3+0q3/Yf1ra12KpCyi001bi4XFxSjbiWWjfqb52iTTtpGXmCCAOWWIAn9KEuFZKGqBERHmrtScZ3A=="
    },
    "tslib": {
      "version": "1.9.3",
      "resolved": "https://registry.npmjs.org/tslib/-/tslib-1.9.3.tgz",
      "integrity": "sha512-4krF8scpejhaOgqzBEcGM7yDIEfi0/8+8zDRZhNZZ2kjmHJ4hv3zCbQWxoJGz1iw5U0Jl0nma13xzHXcncMavQ==",
      "dev": true
    }
  }
}
